// !$*UTF8*$!
{
	archiveVersion = 1;
	classes = {
	};
	objectVersion = 50;
	objects = {

/* Begin PBXBuildFile section */
		B7CC195424D123460048A431 /* AppDelegate.m in Sources */ = {isa = PBXBuildFile; fileRef = B7CC195324D123460048A431 /* AppDelegate.m */; };
		B7CC195724D123460048A431 /* SceneDelegate.m in Sources */ = {isa = PBXBuildFile; fileRef = B7CC195624D123460048A431 /* SceneDelegate.m */; };
		B7CC195A24D123460048A431 /* ViewController.m in Sources */ = {isa = PBXBuildFile; fileRef = B7CC195924D123460048A431 /* ViewController.m */; };
		B7CC195D24D123460048A431 /* Main.storyboard in Resources */ = {isa = PBXBuildFile; fileRef = B7CC195B24D123460048A431 /* Main.storyboard */; };
		B7CC195F24D123480048A431 /* Assets.xcassets in Resources */ = {isa = PBXBuildFile; fileRef = B7CC195E24D123480048A431 /* Assets.xcassets */; };
		B7CC196224D123480048A431 /* LaunchScreen.storyboard in Resources */ = {isa = PBXBuildFile; fileRef = B7CC196024D123480048A431 /* LaunchScreen.storyboard */; };
		B7CC196524D123480048A431 /* main.m in Sources */ = {isa = PBXBuildFile; fileRef = B7CC196424D123480048A431 /* main.m */; };
		B7CC196F24D123480048A431 /* AwesomeProjectTests.m in Sources */ = {isa = PBXBuildFile; fileRef = B7CC196E24D123480048A431 /* AwesomeProjectTests.m */; };
		B7CC197A24D123480048A431 /* AwesomeProjectUITests.m in Sources */ = {isa = PBXBuildFile; fileRef = B7CC197924D123480048A431 /* AwesomeProjectUITests.m */; };
		B7F2F01425164F3A00530677 /* TextFramework.framework in Frameworks */ = {isa = PBXBuildFile; fileRef = B7F2F01325164F3A00530677 /* TextFramework.framework */; };
/* End PBXBuildFile section */

/* Begin PBXContainerItemProxy section */
		B7CC196B24D123480048A431 /* PBXContainerItemProxy */ = {
			isa = PBXContainerItemProxy;
			containerPortal = B7CC194724D123460048A431 /* Project object */;
			proxyType = 1;
			remoteGlobalIDString = B7CC194E24D123460048A431;
			remoteInfo = AwesomeProject;
		};
		B7CC197624D123480048A431 /* PBXContainerItemProxy */ = {
			isa = PBXContainerItemProxy;
			containerPortal = B7CC194724D123460048A431 /* Project object */;
			proxyType = 1;
			remoteGlobalIDString = B7CC194E24D123460048A431;
			remoteInfo = AwesomeProject;
		};
/* End PBXContainerItemProxy section */

/* Begin PBXFileReference section */
		B7CC194F24D123460048A431 /* AwesomeProject.app */ = {isa = PBXFileReference; explicitFileType = wrapper.application; includeInIndex = 0; path = AwesomeProject.app; sourceTree = BUILT_PRODUCTS_DIR; };
		B7CC195224D123460048A431 /* AppDelegate.h */ = {isa = PBXFileReference; lastKnownFileType = sourcecode.c.h; path = AppDelegate.h; sourceTree = "<group>"; };
		B7CC195324D123460048A431 /* AppDelegate.m */ = {isa = PBXFileReference; lastKnownFileType = sourcecode.c.objc; path = AppDelegate.m; sourceTree = "<group>"; };
		B7CC195524D123460048A431 /* SceneDelegate.h */ = {isa = PBXFileReference; lastKnownFileType = sourcecode.c.h; path = SceneDelegate.h; sourceTree = "<group>"; };
		B7CC195624D123460048A431 /* SceneDelegate.m */ = {isa = PBXFileReference; lastKnownFileType = sourcecode.c.objc; path = SceneDelegate.m; sourceTree = "<group>"; };
		B7CC195824D123460048A431 /* ViewController.h */ = {isa = PBXFileReference; lastKnownFileType = sourcecode.c.h; path = ViewController.h; sourceTree = "<group>"; };
		B7CC195924D123460048A431 /* ViewController.m */ = {isa = PBXFileReference; lastKnownFileType = sourcecode.c.objc; path = ViewController.m; sourceTree = "<group>"; };
		B7CC195C24D123460048A431 /* Base */ = {isa = PBXFileReference; lastKnownFileType = file.storyboard; name = Base; path = Base.lproj/Main.storyboard; sourceTree = "<group>"; };
		B7CC195E24D123480048A431 /* Assets.xcassets */ = {isa = PBXFileReference; lastKnownFileType = folder.assetcatalog; path = Assets.xcassets; sourceTree = "<group>"; };
		B7CC196124D123480048A431 /* Base */ = {isa = PBXFileReference; lastKnownFileType = file.storyboard; name = Base; path = Base.lproj/LaunchScreen.storyboard; sourceTree = "<group>"; };
		B7CC196324D123480048A431 /* Info.plist */ = {isa = PBXFileReference; lastKnownFileType = text.plist.xml; path = Info.plist; sourceTree = "<group>"; };
		B7CC196424D123480048A431 /* main.m */ = {isa = PBXFileReference; lastKnownFileType = sourcecode.c.objc; path = main.m; sourceTree = "<group>"; };
		B7CC196A24D123480048A431 /* AwesomeProjectTests.xctest */ = {isa = PBXFileReference; explicitFileType = wrapper.cfbundle; includeInIndex = 0; path = AwesomeProjectTests.xctest; sourceTree = BUILT_PRODUCTS_DIR; };
		B7CC196E24D123480048A431 /* AwesomeProjectTests.m */ = {isa = PBXFileReference; lastKnownFileType = sourcecode.c.objc; path = AwesomeProjectTests.m; sourceTree = "<group>"; };
		B7CC197024D123480048A431 /* Info.plist */ = {isa = PBXFileReference; lastKnownFileType = text.plist.xml; path = Info.plist; sourceTree = "<group>"; };
		B7CC197524D123480048A431 /* AwesomeProjectUITests.xctest */ = {isa = PBXFileReference; explicitFileType = wrapper.cfbundle; includeInIndex = 0; path = AwesomeProjectUITests.xctest; sourceTree = BUILT_PRODUCTS_DIR; };
		B7CC197924D123480048A431 /* AwesomeProjectUITests.m */ = {isa = PBXFileReference; lastKnownFileType = sourcecode.c.objc; path = AwesomeProjectUITests.m; sourceTree = "<group>"; };
		B7CC197B24D123480048A431 /* Info.plist */ = {isa = PBXFileReference; lastKnownFileType = text.plist.xml; path = Info.plist; sourceTree = "<group>"; };
		B7F2F01325164F3A00530677 /* TextFramework.framework */ = {isa = PBXFileReference; lastKnownFileType = wrapper.framework; path = TextFramework.framework; sourceTree = "<group>"; };
/* End PBXFileReference section */

/* Begin PBXFrameworksBuildPhase section */
		B7CC194C24D123460048A431 /* Frameworks */ = {
			isa = PBXFrameworksBuildPhase;
			buildActionMask = 2147483647;
			files = (
				B7F2F01425164F3A00530677 /* TextFramework.framework in Frameworks */,
			);
			runOnlyForDeploymentPostprocessing = 0;
		};
		B7CC196724D123480048A431 /* Frameworks */ = {
			isa = PBXFrameworksBuildPhase;
			buildActionMask = 2147483647;
			files = (
			);
			runOnlyForDeploymentPostprocessing = 0;
		};
		B7CC197224D123480048A431 /* Frameworks */ = {
			isa = PBXFrameworksBuildPhase;
			buildActionMask = 2147483647;
			files = (
			);
			runOnlyForDeploymentPostprocessing = 0;
		};
/* End PBXFrameworksBuildPhase section */

/* Begin PBXGroup section */
		B7CC194624D123460048A431 = {
			isa = PBXGroup;
			children = (
				B7CC195124D123460048A431 /* AwesomeProject */,
				B7CC196D24D123480048A431 /* AwesomeProjectTests */,
				B7CC197824D123480048A431 /* AwesomeProjectUITests */,
				B7CC195024D123460048A431 /* Products */,
			);
			sourceTree = "<group>";
		};
		B7CC195024D123460048A431 /* Products */ = {
			isa = PBXGroup;
			children = (
				B7CC194F24D123460048A431 /* AwesomeProject.app */,
				B7CC196A24D123480048A431 /* AwesomeProjectTests.xctest */,
				B7CC197524D123480048A431 /* AwesomeProjectUITests.xctest */,
			);
			name = Products;
			sourceTree = "<group>";
		};
		B7CC195124D123460048A431 /* AwesomeProject */ = {
			isa = PBXGroup;
			children = (
				B7F2F01325164F3A00530677 /* TextFramework.framework */,
				B7CC195224D123460048A431 /* AppDelegate.h */,
				B7CC195324D123460048A431 /* AppDelegate.m */,
				B7CC195524D123460048A431 /* SceneDelegate.h */,
				B7CC195624D123460048A431 /* SceneDelegate.m */,
				B7CC195824D123460048A431 /* ViewController.h */,
				B7CC195924D123460048A431 /* ViewController.m */,
				B7CC195B24D123460048A431 /* Main.storyboard */,
				B7CC195E24D123480048A431 /* Assets.xcassets */,
				B7CC196024D123480048A431 /* LaunchScreen.storyboard */,
				B7CC196324D123480048A431 /* Info.plist */,
				B7CC196424D123480048A431 /* main.m */,
			);
			path = AwesomeProject;
			sourceTree = "<group>";
		};
		B7CC196D24D123480048A431 /* AwesomeProjectTests */ = {
			isa = PBXGroup;
			children = (
				B7CC196E24D123480048A431 /* AwesomeProjectTests.m */,
				B7CC197024D123480048A431 /* Info.plist */,
			);
			path = AwesomeProjectTests;
			sourceTree = "<group>";
		};
		B7CC197824D123480048A431 /* AwesomeProjectUITests */ = {
			isa = PBXGroup;
			children = (
				B7CC197924D123480048A431 /* AwesomeProjectUITests.m */,
				B7CC197B24D123480048A431 /* Info.plist */,
			);
			path = AwesomeProjectUITests;
			sourceTree = "<group>";
		};
/* End PBXGroup section */

/* Begin PBXNativeTarget section */
		B7CC194E24D123460048A431 /* AwesomeProject */ = {
			isa = PBXNativeTarget;
			buildConfigurationList = B7CC197E24D123480048A431 /* Build configuration list for PBXNativeTarget "AwesomeProject" */;
			buildPhases = (
				B7CC194B24D123460048A431 /* Sources */,
				B7CC194C24D123460048A431 /* Frameworks */,
				B7CC194D24D123460048A431 /* Resources */,
			);
			buildRules = (
			);
			dependencies = (
			);
			name = AwesomeProject;
			productName = AwesomeProject;
			productReference = B7CC194F24D123460048A431 /* AwesomeProject.app */;
			productType = "com.apple.product-type.application";
		};
		B7CC196924D123480048A431 /* AwesomeProjectTests */ = {
			isa = PBXNativeTarget;
			buildConfigurationList = B7CC198124D123480048A431 /* Build configuration list for PBXNativeTarget "AwesomeProjectTests" */;
			buildPhases = (
				B7CC196624D123480048A431 /* Sources */,
				B7CC196724D123480048A431 /* Frameworks */,
				B7CC196824D123480048A431 /* Resources */,
			);
			buildRules = (
			);
			dependencies = (
				B7CC196C24D123480048A431 /* PBXTargetDependency */,
			);
			name = AwesomeProjectTests;
			productName = AwesomeProjectTests;
			productReference = B7CC196A24D123480048A431 /* AwesomeProjectTests.xctest */;
			productType = "com.apple.product-type.bundle.unit-test";
		};
		B7CC197424D123480048A431 /* AwesomeProjectUITests */ = {
			isa = PBXNativeTarget;
			buildConfigurationList = B7CC198424D123480048A431 /* Build configuration list for PBXNativeTarget "AwesomeProjectUITests" */;
			buildPhases = (
				B7CC197124D123480048A431 /* Sources */,
				B7CC197224D123480048A431 /* Frameworks */,
				B7CC197324D123480048A431 /* Resources */,
			);
			buildRules = (
			);
			dependencies = (
				B7CC197724D123480048A431 /* PBXTargetDependency */,
			);
			name = AwesomeProjectUITests;
			productName = AwesomeProjectUITests;
			productReference = B7CC197524D123480048A431 /* AwesomeProjectUITests.xctest */;
			productType = "com.apple.product-type.bundle.ui-testing";
		};
/* End PBXNativeTarget section */

/* Begin PBXProject section */
		B7CC194724D123460048A431 /* Project object */ = {
			isa = PBXProject;
			attributes = {
				LastUpgradeCheck = 1160;
				ORGANIZATIONNAME = MiniLove;
				TargetAttributes = {
					B7CC194E24D123460048A431 = {
						CreatedOnToolsVersion = 11.6;
					};
					B7CC196924D123480048A431 = {
						CreatedOnToolsVersion = 11.6;
						TestTargetID = B7CC194E24D123460048A431;
					};
					B7CC197424D123480048A431 = {
						CreatedOnToolsVersion = 11.6;
						TestTargetID = B7CC194E24D123460048A431;
					};
				};
			};
			buildConfigurationList = B7CC194A24D123460048A431 /* Build configuration list for PBXProject "AwesomeProject" */;
			compatibilityVersion = "Xcode 9.3";
			developmentRegion = en;
			hasScannedForEncodings = 0;
			knownRegions = (
				en,
				Base,
			);
			mainGroup = B7CC194624D123460048A431;
			productRefGroup = B7CC195024D123460048A431 /* Products */;
			projectDirPath = "";
			projectRoot = "";
			targets = (
				B7CC194E24D123460048A431 /* AwesomeProject */,
				B7CC196924D123480048A431 /* AwesomeProjectTests */,
				B7CC197424D123480048A431 /* AwesomeProjectUITests */,
			);
		};
/* End PBXProject section */

/* Begin PBXResourcesBuildPhase section */
		B7CC194D24D123460048A431 /* Resources */ = {
			isa = PBXResourcesBuildPhase;
			buildActionMask = 2147483647;
			files = (
				B7CC196224D123480048A431 /* LaunchScreen.storyboard in Resources */,
				B7CC195F24D123480048A431 /* Assets.xcassets in Resources */,
				B7CC195D24D123460048A431 /* Main.storyboard in Resources */,
			);
			runOnlyForDeploymentPostprocessing = 0;
		};
		B7CC196824D123480048A431 /* Resources */ = {
			isa = PBXResourcesBuildPhase;
			buildActionMask = 2147483647;
			files = (
			);
			runOnlyForDeploymentPostprocessing = 0;
		};
		B7CC197324D123480048A431 /* Resources */ = {
			isa = PBXResourcesBuildPhase;
			buildActionMask = 2147483647;
			files = (
			);
			runOnlyForDeploymentPostprocessing = 0;
		};
/* End PBXResourcesBuildPhase section */

/* Begin PBXSourcesBuildPhase section */
		B7CC194B24D123460048A431 /* Sources */ = {
			isa = PBXSourcesBuildPhase;
			buildActionMask = 2147483647;
			files = (
				B7CC195A24D123460048A431 /* ViewController.m in Sources */,
				B7CC195424D123460048A431 /* AppDelegate.m in Sources */,
				B7CC196524D123480048A431 /* main.m in Sources */,
				B7CC195724D123460048A431 /* SceneDelegate.m in Sources */,
			);
			runOnlyForDeploymentPostprocessing = 0;
		};
		B7CC196624D123480048A431 /* Sources */ = {
			isa = PBXSourcesBuildPhase;
			buildActionMask = 2147483647;
			files = (
				B7CC196F24D123480048A431 /* AwesomeProjectTests.m in Sources */,
			);
			runOnlyForDeploymentPostprocessing = 0;
		};
		B7CC197124D123480048A431 /* Sources */ = {
			isa = PBXSourcesBuildPhase;
			buildActionMask = 2147483647;
			files = (
				B7CC197A24D123480048A431 /* AwesomeProjectUITests.m in Sources */,
			);
			runOnlyForDeploymentPostprocessing = 0;
		};
/* End PBXSourcesBuildPhase section */

/* Begin PBXTargetDependency section */
		B7CC196C24D123480048A431 /* PBXTargetDependency */ = {
			isa = PBXTargetDependency;
			target = B7CC194E24D123460048A431 /* AwesomeProject */;
			targetProxy = B7CC196B24D123480048A431 /* PBXContainerItemProxy */;
		};
		B7CC197724D123480048A431 /* PBXTargetDependency */ = {
			isa = PBXTargetDependency;
			target = B7CC194E24D123460048A431 /* AwesomeProject */;
			targetProxy = B7CC197624D123480048A431 /* PBXContainerItemProxy */;
		};
/* End PBXTargetDependency section */

/* Begin PBXVariantGroup section */
		B7CC195B24D123460048A431 /* Main.storyboard */ = {
			isa = PBXVariantGroup;
			children = (
				B7CC195C24D123460048A431 /* Base */,
			);
			name = Main.storyboard;
			sourceTree = "<group>";
		};
		B7CC196024D123480048A431 /* LaunchScreen.storyboard */ = {
			isa = PBXVariantGroup;
			children = (
				B7CC196124D123480048A431 /* Base */,
			);
			name = LaunchScreen.storyboard;
			sourceTree = "<group>";
		};
/* End PBXVariantGroup section */

/* Begin XCBuildConfiguration section */
		B7CC197C24D123480048A431 /* Debug */ = {
			isa = XCBuildConfiguration;
			buildSettings = {
				ALWAYS_SEARCH_USER_PATHS = NO;
				CLANG_ANALYZER_NONNULL = YES;
				CLANG_ANALYZER_NUMBER_OBJECT_CONVERSION = YES_AGGRESSIVE;
				CLANG_CXX_LANGUAGE_STANDARD = "gnu++14";
				CLANG_CXX_LIBRARY = "libc++";
				CLANG_ENABLE_MODULES = YES;
				CLANG_ENABLE_OBJC_ARC = YES;
				CLANG_ENABLE_OBJC_WEAK = YES;
				CLANG_WARN_BLOCK_CAPTURE_AUTORELEASING = YES;
				CLANG_WARN_BOOL_CONVERSION = YES;
				CLANG_WARN_COMMA = YES;
				CLANG_WARN_CONSTANT_CONVERSION = YES;
				CLANG_WARN_DEPRECATED_OBJC_IMPLEMENTATIONS = YES;
				CLANG_WARN_DIRECT_OBJC_ISA_USAGE = YES_ERROR;
				CLANG_WARN_DOCUMENTATION_COMMENTS = YES;
				CLANG_WARN_EMPTY_BODY = YES;
				CLANG_WARN_ENUM_CONVERSION = YES;
				CLANG_WARN_INFINITE_RECURSION = YES;
				CLANG_WARN_INT_CONVERSION = YES;
				CLANG_WARN_NON_LITERAL_NULL_CONVERSION = YES;
				CLANG_WARN_OBJC_IMPLICIT_RETAIN_SELF = YES;
				CLANG_WARN_OBJC_LITERAL_CONVERSION = YES;
				CLANG_WARN_OBJC_ROOT_CLASS = YES_ERROR;
				CLANG_WARN_RANGE_LOOP_ANALYSIS = YES;
				CLANG_WARN_STRICT_PROTOTYPES = YES;
				CLANG_WARN_SUSPICIOUS_MOVE = YES;
				CLANG_WARN_UNGUARDED_AVAILABILITY = YES_AGGRESSIVE;
				CLANG_WARN_UNREACHABLE_CODE = YES;
				CLANG_WARN__DUPLICATE_METHOD_MATCH = YES;
				COPY_PHASE_STRIP = NO;
				DEBUG_INFORMATION_FORMAT = dwarf;
				ENABLE_STRICT_OBJC_MSGSEND = YES;
				ENABLE_TESTABILITY = YES;
				GCC_C_LANGUAGE_STANDARD = gnu11;
				GCC_DYNAMIC_NO_PIC = NO;
				GCC_NO_COMMON_BLOCKS = YES;
				GCC_OPTIMIZATION_LEVEL = 0;
				GCC_PREPROCESSOR_DEFINITIONS = (
					"DEBUG=1",
					"$(inherited)",
				);
				GCC_WARN_64_TO_32_BIT_CONVERSION = YES;
				GCC_WARN_ABOUT_RETURN_TYPE = YES_ERROR;
				GCC_WARN_UNDECLARED_SELECTOR = YES;
				GCC_WARN_UNINITIALIZED_AUTOS = YES_AGGRESSIVE;
				GCC_WARN_UNUSED_FUNCTION = YES;
				GCC_WARN_UNUSED_VARIABLE = YES;
				IPHONEOS_DEPLOYMENT_TARGET = 13.6;
				MTL_ENABLE_DEBUG_INFO = INCLUDE_SOURCE;
				MTL_FAST_MATH = YES;
				ONLY_ACTIVE_ARCH = YES;
				SDKROOT = iphoneos;
			};
			name = Debug;
		};
		B7CC197D24D123480048A431 /* Release */ = {
			isa = XCBuildConfiguration;
			buildSettings = {
				ALWAYS_SEARCH_USER_PATHS = NO;
				CLANG_ANALYZER_NONNULL = YES;
				CLANG_ANALYZER_NUMBER_OBJECT_CONVERSION = YES_AGGRESSIVE;
				CLANG_CXX_LANGUAGE_STANDARD = "gnu++14";
				CLANG_CXX_LIBRARY = "libc++";
				CLANG_ENABLE_MODULES = YES;
				CLANG_ENABLE_OBJC_ARC = YES;
				CLANG_ENABLE_OBJC_WEAK = YES;
				CLANG_WARN_BLOCK_CAPTURE_AUTORELEASING = YES;
				CLANG_WARN_BOOL_CONVERSION = YES;
				CLANG_WARN_COMMA = YES;
				CLANG_WARN_CONSTANT_CONVERSION = YES;
				CLANG_WARN_DEPRECATED_OBJC_IMPLEMENTATIONS = YES;
				CLANG_WARN_DIRECT_OBJC_ISA_USAGE = YES_ERROR;
				CLANG_WARN_DOCUMENTATION_COMMENTS = YES;
				CLANG_WARN_EMPTY_BODY = YES;
				CLANG_WARN_ENUM_CONVERSION = YES;
				CLANG_WARN_INFINITE_RECURSION = YES;
				CLANG_WARN_INT_CONVERSION = YES;
				CLANG_WARN_NON_LITERAL_NULL_CONVERSION = YES;
				CLANG_WARN_OBJC_IMPLICIT_RETAIN_SELF = YES;
				CLANG_WARN_OBJC_LITERAL_CONVERSION = YES;
				CLANG_WARN_OBJC_ROOT_CLASS = YES_ERROR;
				CLANG_WARN_RANGE_LOOP_ANALYSIS = YES;
				CLANG_WARN_STRICT_PROTOTYPES = YES;
				CLANG_WARN_SUSPICIOUS_MOVE = YES;
				CLANG_WARN_UNGUARDED_AVAILABILITY = YES_AGGRESSIVE;
				CLANG_WARN_UNREACHABLE_CODE = YES;
				CLANG_WARN__DUPLICATE_METHOD_MATCH = YES;
				COPY_PHASE_STRIP = NO;
				DEBUG_INFORMATION_FORMAT = "dwarf-with-dsym";
				ENABLE_NS_ASSERTIONS = NO;
				ENABLE_STRICT_OBJC_MSGSEND = YES;
				GCC_C_LANGUAGE_STANDARD = gnu11;
				GCC_NO_COMMON_BLOCKS = YES;
				GCC_WARN_64_TO_32_BIT_CONVERSION = YES;
				GCC_WARN_ABOUT_RETURN_TYPE = YES_ERROR;
				GCC_WARN_UNDECLARED_SELECTOR = YES;
				GCC_WARN_UNINITIALIZED_AUTOS = YES_AGGRESSIVE;
				GCC_WARN_UNUSED_FUNCTION = YES;
				GCC_WARN_UNUSED_VARIABLE = YES;
				IPHONEOS_DEPLOYMENT_TARGET = 13.6;
				MTL_ENABLE_DEBUG_INFO = NO;
				MTL_FAST_MATH = YES;
				SDKROOT = iphoneos;
				VALIDATE_PRODUCT = YES;
			};
			name = Release;
		};
		B7CC197F24D123480048A431 /* Debug */ = {
			isa = XCBuildConfiguration;
			buildSettings = {
				ASSETCATALOG_COMPILER_APPICON_NAME = AppIcon;
				CODE_SIGN_STYLE = Automatic;
				DEVELOPMENT_TEAM = M4TV679UQF;
				FRAMEWORK_SEARCH_PATHS = (
					"$(inherited)",
					"$(PROJECT_DIR)/AwesomeProject",
				);
				INFOPLIST_FILE = AwesomeProject/Info.plist;
				LD_RUNPATH_SEARCH_PATHS = (
					"$(inherited)",
					"@executable_path/Frameworks",
				);
				LIBRARY_SEARCH_PATHS = (
					"$(inherited)",
					"$(PROJECT_DIR)/AwesomeProject",
				);
				PRODUCT_BUNDLE_IDENTIFIER = com.minilove.AwesomeProject;
				PRODUCT_NAME = "$(TARGET_NAME)";
				TARGETED_DEVICE_FAMILY = "1,2";
			};
			name = Debug;
		};
		B7CC198024D123480048A431 /* Release */ = {
			isa = XCBuildConfiguration;
			buildSettings = {
				ASSETCATALOG_COMPILER_APPICON_NAME = AppIcon;
				CODE_SIGN_STYLE = Automatic;
				DEVELOPMENT_TEAM = M4TV679UQF;
				FRAMEWORK_SEARCH_PATHS = (
					"$(inherited)",
					"$(PROJECT_DIR)/AwesomeProject",
				);
				INFOPLIST_FILE = AwesomeProject/Info.plist;
				LD_RUNPATH_SEARCH_PATHS = (
					"$(inherited)",
					"@executable_path/Frameworks",
				);
				LIBRARY_SEARCH_PATHS = (
					"$(inherited)",
					"$(PROJECT_DIR)/AwesomeProject",
				);
				PRODUCT_BUNDLE_IDENTIFIER = com.minilove.AwesomeProject;
				PRODUCT_NAME = "$(TARGET_NAME)";
				TARGETED_DEVICE_FAMILY = "1,2";
			};
			name = Release;
		};
		B7CC198224D123480048A431 /* Debug */ = {
			isa = XCBuildConfiguration;
			buildSettings = {
				BUNDLE_LOADER = "$(TEST_HOST)";
				CODE_SIGN_STYLE = Automatic;
				DEVELOPMENT_TEAM = M4TV679UQF;
				INFOPLIST_FILE = AwesomeProjectTests/Info.plist;
				IPHONEOS_DEPLOYMENT_TARGET = 13.6;
				LD_RUNPATH_SEARCH_PATHS = (
					"$(inherited)",
					"@executable_path/Frameworks",
					"@loader_path/Frameworks",
				);
				PRODUCT_BUNDLE_IDENTIFIER = com.minilove.AwesomeProjectTests;
				PRODUCT_NAME = "$(TARGET_NAME)";
				TARGETED_DEVICE_FAMILY = "1,2";
				TEST_HOST = "$(BUILT_PRODUCTS_DIR)/AwesomeProject.app/AwesomeProject";
			};
			name = Debug;
		};
		B7CC198324D123480048A431 /* Release */ = {
			isa = XCBuildConfiguration;
			buildSettings = {
				BUNDLE_LOADER = "$(TEST_HOST)";
				CODE_SIGN_STYLE = Automatic;
				DEVELOPMENT_TEAM = M4TV679UQF;
				INFOPLIST_FILE = AwesomeProjectTests/Info.plist;
				IPHONEOS_DEPLOYMENT_TARGET = 13.6;
				LD_RUNPATH_SEARCH_PATHS = (
					"$(inherited)",
					"@executable_path/Frameworks",
					"@loader_path/Frameworks",
				);
				PRODUCT_BUNDLE_IDENTIFIER = com.minilove.AwesomeProjectTests;
				PRODUCT_NAME = "$(TARGET_NAME)";
				TARGETED_DEVICE_FAMILY = "1,2";
				TEST_HOST = "$(BUILT_PRODUCTS_DIR)/AwesomeProject.app/AwesomeProject";
			};
			name = Release;
		};
		B7CC198524D123480048A431 /* Debug */ = {
			isa = XCBuildConfiguration;
			buildSettings = {
				CODE_SIGN_STYLE = Automatic;
				DEVELOPMENT_TEAM = M4TV679UQF;
				INFOPLIST_FILE = AwesomeProjectUITests/Info.plist;
				LD_RUNPATH_SEARCH_PATHS = (
					"$(inherited)",
					"@executable_path/Frameworks",
					"@loader_path/Frameworks",
				);
				PRODUCT_BUNDLE_IDENTIFIER = com.minilove.AwesomeProjectUITests;
				PRODUCT_NAME = "$(TARGET_NAME)";
				TARGETED_DEVICE_FAMILY = "1,2";
				TEST_TARGET_NAME = AwesomeProject;
			};
			name = Debug;
		};
		B7CC198624D123480048A431 /* Release */ = {
			isa = XCBuildConfiguration;
			buildSettings = {
				CODE_SIGN_STYLE = Automatic;
				DEVELOPMENT_TEAM = M4TV679UQF;
				INFOPLIST_FILE = AwesomeProjectUITests/Info.plist;
				LD_RUNPATH_SEARCH_PATHS = (
					"$(inherited)",
					"@executable_path/Frameworks",
					"@loader_path/Frameworks",
				);
				PRODUCT_BUNDLE_IDENTIFIER = com.minilove.AwesomeProjectUITests;
				PRODUCT_NAME = "$(TARGET_NAME)";
				TARGETED_DEVICE_FAMILY = "1,2";
				TEST_TARGET_NAME = AwesomeProject;
			};
			name = Release;
		};
/* End XCBuildConfiguration section */

/* Begin XCConfigurationList section */
		B7CC194A24D123460048A431 /* Build configuration list for PBXProject "AwesomeProject" */ = {
			isa = XCConfigurationList;
			buildConfigurations = (
				B7CC197C24D123480048A431 /* Debug */,
				B7CC197D24D123480048A431 /* Release */,
			);
			defaultConfigurationIsVisible = 0;
			defaultConfigurationName = Release;
		};
		B7CC197E24D123480048A431 /* Build configuration list for PBXNativeTarget "AwesomeProject" */ = {
			isa = XCConfigurationList;
			buildConfigurations = (
				B7CC197F24D123480048A431 /* Debug */,
				B7CC198024D123480048A431 /* Release */,
			);
			defaultConfigurationIsVisible = 0;
			defaultConfigurationName = Release;
		};
		B7CC198124D123480048A431 /* Build configuration list for PBXNativeTarget "AwesomeProjectTests" */ = {
			isa = XCConfigurationList;
			buildConfigurations = (
				B7CC198224D123480048A431 /* Debug */,
				B7CC198324D123480048A431 /* Release */,
			);
			defaultConfigurationIsVisible = 0;
			defaultConfigurationName = Release;
		};
		B7CC198424D123480048A431 /* Build configuration list for PBXNativeTarget "AwesomeProjectUITests" */ = {
			isa = XCConfigurationList;
			buildConfigurations = (
				B7CC198524D123480048A431 /* Debug */,
				B7CC198624D123480048A431 /* Release */,
			);
			defaultConfigurationIsVisible = 0;
			defaultConfigurationName = Release;
		};
/* End XCConfigurationList section */
	};
	rootObject = B7CC194724D123460048A431 /* Project object */;
}
